
Microsoft Visual Studio Solution File, Format Version 12.00
# Visual Studio 15
VisualStudioVersion = 15.0.27004.2002
MinimumVisualStudioVersion = 10.0.40219.1
Project("{FAE04EC0-301F-11D3-BF4B-00C04F79EFBC}") = "ComplexNumbers", "ConsoleApp28\ComplexNumbers.csproj", "{D39EB1B7-32BE-41C0-96AE-55483DBBFF27}"
EndProject
Global
	GlobalSection(SolutionConfigurationPlatforms) = preSolution
		Debug|Any CPU = Debug|Any CPU
		Release|Any CPU = Release|Any CPU
	EndGlobalSection
	GlobalSection(ProjectConfigurationPlatforms) = postSolution
		{D39EB1B7-32BE-41C0-96AE-55483DBBFF27}.Debug|Any CPU.ActiveCfg = Debug|Any CPU
		{D39EB1B7-32BE-41C0-96AE-55483DBBFF27}.Debug|Any CPU.Build.0 = Debug|Any CPU
		{D39EB1B7-32BE-41C0-96AE-55483DBBFF27}.Release|Any CPU.ActiveCfg = Release|Any CPU
		{D39EB1B7-32BE-41C0-96AE-55483DBBFF27}.Release|Any CPU.Build.0 = Release|Any CPU
	EndGlobalSection
	GlobalSection(SolutionProperties) = preSolution
		HideSolutionNode = FALSE
	EndGlobalSection
	GlobalSection(ExtensibilityGlobals) = postSolution
		SolutionGuid = {626C9E2C-CF33-48D0-BB15-E9BA10576340}
	EndGlobalSection
EndGlobal
